
Microsoft Visual Studio Solution File, Format Version 12.00
Project("{FAE04EC0-301F-11D3-BF4B-00C04F79EFBC}") = "SpiochApp.Api", "src\SpiochApp.Api\SpiochApp.Api.csproj", "{7CB74183-C410-4400-8456-F587EB87B83F}"
EndProject
Project("{FAE04EC0-301F-11D3-BF4B-00C04F79EFBC}") = "SpiochApp.Web", "SpiochApp.Web\SpiochApp.Web.csproj", "{257DF41F-FF9E-421C-A54A-559AFFF5DAD2}"
EndProject
Global
	GlobalSection(SolutionConfigurationPlatforms) = preSolution
		Debug|Any CPU = Debug|Any CPU
		Release|Any CPU = Release|Any CPU
	EndGlobalSection
	GlobalSection(ProjectConfigurationPlatforms) = postSolution
		{7CB74183-C410-4400-8456-F587EB87B83F}.Debug|Any CPU.ActiveCfg = Debug|Any CPU
		{7CB74183-C410-4400-8456-F587EB87B83F}.Debug|Any CPU.Build.0 = Debug|Any CPU
		{7CB74183-C410-4400-8456-F587EB87B83F}.Release|Any CPU.ActiveCfg = Release|Any CPU
		{7CB74183-C410-4400-8456-F587EB87B83F}.Release|Any CPU.Build.0 = Release|Any CPU
		{257DF41F-FF9E-421C-A54A-559AFFF5DAD2}.Debug|Any CPU.ActiveCfg = Debug|Any CPU
		{257DF41F-FF9E-421C-A54A-559AFFF5DAD2}.Debug|Any CPU.Build.0 = Debug|Any CPU
		{257DF41F-FF9E-421C-A54A-559AFFF5DAD2}.Release|Any CPU.ActiveCfg = Release|Any CPU
		{257DF41F-FF9E-421C-A54A-559AFFF5DAD2}.Release|Any CPU.Build.0 = Release|Any CPU
	EndGlobalSection
EndGlobal
